// !$*UTF8*$!
{
	archiveVersion = 1;
	classes = {
	};
	objectVersion = 50;
	objects = {

/* Begin PBXBuildFile section */
		7221151D268250EC003D784F /* AppDelegate.swift in Sources */ = {isa = PBXBuildFile; fileRef = 7221151C268250EC003D784F /* AppDelegate.swift */; };
		7221151F268250EC003D784F /* SceneDelegate.swift in Sources */ = {isa = PBXBuildFile; fileRef = 7221151E268250EC003D784F /* SceneDelegate.swift */; };
		72211521268250EC003D784F /* ViewController.swift in Sources */ = {isa = PBXBuildFile; fileRef = 72211520268250EC003D784F /* ViewController.swift */; };
		72211524268250EC003D784F /* Main.storyboard in Resources */ = {isa = PBXBuildFile; fileRef = 72211522268250EC003D784F /* Main.storyboard */; };
		72211526268250ED003D784F /* Assets.xcassets in Resources */ = {isa = PBXBuildFile; fileRef = 72211525268250ED003D784F /* Assets.xcassets */; };
		72211529268250ED003D784F /* LaunchScreen.storyboard in Resources */ = {isa = PBXBuildFile; fileRef = 72211527268250ED003D784F /* LaunchScreen.storyboard */; };
		7221153226825256003D784F /* ResultViewController.swift in Sources */ = {isa = PBXBuildFile; fileRef = 7221153126825256003D784F /* ResultViewController.swift */; };
		72F1E1AE2684B10A00E18E39 /* spring.jpg in Resources */ = {isa = PBXBuildFile; fileRef = 72F1E1AD2684B10A00E18E39 /* spring.jpg */; };
		72F1E1B12684B10F00E18E39 /* summer.jpg in Resources */ = {isa = PBXBuildFile; fileRef = 72F1E1B02684B10F00E18E39 /* summer.jpg */; };
		72F1E1B42684B11300E18E39 /* autumn.jpg in Resources */ = {isa = PBXBuildFile; fileRef = 72F1E1B32684B11300E18E39 /* autumn.jpg */; };
		72F1E1B72684B11700E18E39 /* winter.jpg in Resources */ = {isa = PBXBuildFile; fileRef = 72F1E1B62684B11700E18E39 /* winter.jpg */; };
/* End PBXBuildFile section */

/* Begin PBXFileReference section */
		72211519268250EC003D784F /* SlideshowApp.app */ = {isa = PBXFileReference; explicitFileType = wrapper.application; includeInIndex = 0; path = SlideshowApp.app; sourceTree = BUILT_PRODUCTS_DIR; };
		7221151C268250EC003D784F /* AppDelegate.swift */ = {isa = PBXFileReference; lastKnownFileType = sourcecode.swift; path = AppDelegate.swift; sourceTree = "<group>"; };
		7221151E268250EC003D784F /* SceneDelegate.swift */ = {isa = PBXFileReference; lastKnownFileType = sourcecode.swift; path = SceneDelegate.swift; sourceTree = "<group>"; };
		72211520268250EC003D784F /* ViewController.swift */ = {isa = PBXFileReference; lastKnownFileType = sourcecode.swift; path = ViewController.swift; sourceTree = "<group>"; };
		72211523268250EC003D784F /* Base */ = {isa = PBXFileReference; lastKnownFileType = file.storyboard; name = Base; path = Base.lproj/Main.storyboard; sourceTree = "<group>"; };
		72211525268250ED003D784F /* Assets.xcassets */ = {isa = PBXFileReference; lastKnownFileType = folder.assetcatalog; path = Assets.xcassets; sourceTree = "<group>"; };
		72211528268250ED003D784F /* Base */ = {isa = PBXFileReference; lastKnownFileType = file.storyboard; name = Base; path = Base.lproj/LaunchScreen.storyboard; sourceTree = "<group>"; };
		7221152A268250ED003D784F /* Info.plist */ = {isa = PBXFileReference; lastKnownFileType = text.plist.xml; path = Info.plist; sourceTree = "<group>"; };
		7221153126825256003D784F /* ResultViewController.swift */ = {isa = PBXFileReference; lastKnownFileType = sourcecode.swift; path = ResultViewController.swift; sourceTree = SOURCE_ROOT; };
		72F1E1AD2684B10A00E18E39 /* spring.jpg */ = {isa = PBXFileReference; lastKnownFileType = image.jpeg; path = spring.jpg; sourceTree = "<group>"; };
		72F1E1B02684B10F00E18E39 /* summer.jpg */ = {isa = PBXFileReference; lastKnownFileType = image.jpeg; path = summer.jpg; sourceTree = "<group>"; };
		72F1E1B32684B11300E18E39 /* autumn.jpg */ = {isa = PBXFileReference; lastKnownFileType = image.jpeg; path = autumn.jpg; sourceTree = "<group>"; };
		72F1E1B62684B11700E18E39 /* winter.jpg */ = {isa = PBXFileReference; lastKnownFileType = image.jpeg; path = winter.jpg; sourceTree = "<group>"; };
/* End PBXFileReference section */

/* Begin PBXFrameworksBuildPhase section */
		72211516268250EC003D784F /* Frameworks */ = {
			isa = PBXFrameworksBuildPhase;
			buildActionMask = 2147483647;
			files = (
			);
			runOnlyForDeploymentPostprocessing = 0;
		};
/* End PBXFrameworksBuildPhase section */

/* Begin PBXGroup section */
		72211510268250EC003D784F = {
			isa = PBXGroup;
			children = (
				7221151B268250EC003D784F /* SlideshowApp */,
				7221151A268250EC003D784F /* Products */,
			);
			sourceTree = "<group>";
		};
		7221151A268250EC003D784F /* Products */ = {
			isa = PBXGroup;
			children = (
				72211519268250EC003D784F /* SlideshowApp.app */,
			);
			name = Products;
			sourceTree = "<group>";
		};
		7221151B268250EC003D784F /* SlideshowApp */ = {
			isa = PBXGroup;
			children = (
				7221151C268250EC003D784F /* AppDelegate.swift */,
				7221151E268250EC003D784F /* SceneDelegate.swift */,
				72211520268250EC003D784F /* ViewController.swift */,
				7221153126825256003D784F /* ResultViewController.swift */,
				72211522268250EC003D784F /* Main.storyboard */,
				72211525268250ED003D784F /* Assets.xcassets */,
				72211527268250ED003D784F /* LaunchScreen.storyboard */,
				7221152A268250ED003D784F /* Info.plist */,
				72F1E1AD2684B10A00E18E39 /* spring.jpg */,
				72F1E1B02684B10F00E18E39 /* summer.jpg */,
				72F1E1B32684B11300E18E39 /* autumn.jpg */,
				72F1E1B62684B11700E18E39 /* winter.jpg */,
			);
			path = SlideshowApp;
			sourceTree = "<group>";
		};
/* End PBXGroup section */

/* Begin PBXNativeTarget section */
		72211518268250EC003D784F /* SlideshowApp */ = {
			isa = PBXNativeTarget;
			buildConfigurationList = 7221152D268250ED003D784F /* Build configuration list for PBXNativeTarget "SlideshowApp" */;
			buildPhases = (
				72211515268250EC003D784F /* Sources */,
				72211516268250EC003D784F /* Frameworks */,
				72211517268250EC003D784F /* Resources */,
			);
			buildRules = (
			);
			dependencies = (
			);
			name = SlideshowApp;
			productName = SlideshowApp;
			productReference = 72211519268250EC003D784F /* SlideshowApp.app */;
			productType = "com.apple.product-type.application";
		};
/* End PBXNativeTarget section */

/* Begin PBXProject section */
		72211511268250EC003D784F /* Project object */ = {
			isa = PBXProject;
			attributes = {
				LastSwiftUpdateCheck = 1220;
				LastUpgradeCheck = 1220;
				TargetAttributes = {
					72211518268250EC003D784F = {
						CreatedOnToolsVersion = 12.2;
					};
				};
			};
			buildConfigurationList = 72211514268250EC003D784F /* Build configuration list for PBXProject "SlideshowApp" */;
			compatibilityVersion = "Xcode 9.3";
			developmentRegion = en;
			hasScannedForEncodings = 0;
			knownRegions = (
				en,
				Base,
			);
			mainGroup = 72211510268250EC003D784F;
			productRefGroup = 7221151A268250EC003D784F /* Products */;
			projectDirPath = "";
			projectRoot = "";
			targets = (
				72211518268250EC003D784F /* SlideshowApp */,
			);
		};
/* End PBXProject section */

/* Begin PBXResourcesBuildPhase section */
		72211517268250EC003D784F /* Resources */ = {
			isa = PBXResourcesBuildPhase;
			buildActionMask = 2147483647;
			files = (
				72F1E1AE2684B10A00E18E39 /* spring.jpg in Resources */,
				72211529268250ED003D784F /* LaunchScreen.storyboard in Resources */,
				72F1E1B12684B10F00E18E39 /* summer.jpg in Resources */,
				72F1E1B42684B11300E18E39 /* autumn.jpg in Resources */,
				72F1E1B72684B11700E18E39 /* winter.jpg in Resources */,
				72211526268250ED003D784F /* Assets.xcassets in Resources */,
				72211524268250EC003D784F /* Main.storyboard in Resources */,
			);
			runOnlyForDeploymentPostprocessing = 0;
		};
/* End PBXResourcesBuildPhase section */

/* Begin PBXSourcesBuildPhase section */
		72211515268250EC003D784F /* Sources */ = {
			isa = PBXSourcesBuildPhase;
			buildActionMask = 2147483647;
			files = (
				72211521268250EC003D784F /* ViewController.swift in Sources */,
				7221151D268250EC003D784F /* AppDelegate.swift in Sources */,
				7221151F268250EC003D784F /* SceneDelegate.swift in Sources */,
				7221153226825256003D784F /* ResultViewController.swift in Sources */,
			);
			runOnlyForDeploymentPostprocessing = 0;
		};
/* End PBXSourcesBuildPhase section */

/* Begin PBXVariantGroup section */
		72211522268250EC003D784F /* Main.storyboard */ = {
			isa = PBXVariantGroup;
			children = (
				72211523268250EC003D784F /* Base */,
			);
			name = Main.storyboard;
			sourceTree = "<group>";
		};
		72211527268250ED003D784F /* LaunchScreen.storyboard */ = {
			isa = PBXVariantGroup;
			children = (
				72211528268250ED003D784F /* Base */,
			);
			name = LaunchScreen.storyboard;
			sourceTree = "<group>";
		};
/* End PBXVariantGroup section */

/* Begin XCBuildConfiguration section */
		7221152B268250ED003D784F /* Debug */ = {
			isa = XCBuildConfiguration;
			buildSettings = {
				ALWAYS_SEARCH_USER_PATHS = NO;
				CLANG_ANALYZER_NONNULL = YES;
				CLANG_ANALYZER_NUMBER_OBJECT_CONVERSION = YES_AGGRESSIVE;
				CLANG_CXX_LANGUAGE_STANDARD = "gnu++14";
				CLANG_CXX_LIBRARY = "libc++";
				CLANG_ENABLE_MODULES = YES;
				CLANG_ENABLE_OBJC_ARC = YES;
				CLANG_ENABLE_OBJC_WEAK = YES;
				CLANG_WARN_BLOCK_CAPTURE_AUTORELEASING = YES;
				CLANG_WARN_BOOL_CONVERSION = YES;
				CLANG_WARN_COMMA = YES;
				CLANG_WARN_CONSTANT_CONVERSION = YES;
				CLANG_WARN_DEPRECATED_OBJC_IMPLEMENTATIONS = YES;
				CLANG_WARN_DIRECT_OBJC_ISA_USAGE = YES_ERROR;
				CLANG_WARN_DOCUMENTATION_COMMENTS = YES;
				CLANG_WARN_EMPTY_BODY = YES;
				CLANG_WARN_ENUM_CONVERSION = YES;
				CLANG_WARN_INFINITE_RECURSION = YES;
				CLANG_WARN_INT_CONVERSION = YES;
				CLANG_WARN_NON_LITERAL_NULL_CONVERSION = YES;
				CLANG_WARN_OBJC_IMPLICIT_RETAIN_SELF = YES;
				CLANG_WARN_OBJC_LITERAL_CONVERSION = YES;
				CLANG_WARN_OBJC_ROOT_CLASS = YES_ERROR;
				CLANG_WARN_QUOTED_INCLUDE_IN_FRAMEWORK_HEADER = YES;
				CLANG_WARN_RANGE_LOOP_ANALYSIS = YES;
				CLANG_WARN_STRICT_PROTOTYPES = YES;
				CLANG_WARN_SUSPICIOUS_MOVE = YES;
				CLANG_WARN_UNGUARDED_AVAILABILITY = YES_AGGRESSIVE;
				CLANG_WARN_UNREACHABLE_CODE = YES;
				CLANG_WARN__DUPLICATE_METHOD_MATCH = YES;
				COPY_PHASE_STRIP = NO;
				DEBUG_INFORMATION_FORMAT = dwarf;
				ENABLE_STRICT_OBJC_MSGSEND = YES;
				ENABLE_TESTABILITY = YES;
				GCC_C_LANGUAGE_STANDARD = gnu11;
				GCC_DYNAMIC_NO_PIC = NO;
				GCC_NO_COMMON_BLOCKS = YES;
				GCC_OPTIMIZATION_LEVEL = 0;
				GCC_PREPROCESSOR_DEFINITIONS = (
					"DEBUG=1",
					"$(inherited)",
				);
				GCC_WARN_64_TO_32_BIT_CONVERSION = YES;
				GCC_WARN_ABOUT_RETURN_TYPE = YES_ERROR;
				GCC_WARN_UNDECLARED_SELECTOR = YES;
				GCC_WARN_UNINITIALIZED_AUTOS = YES_AGGRESSIVE;
				GCC_WARN_UNUSED_FUNCTION = YES;
				GCC_WARN_UNUSED_VARIABLE = YES;
				IPHONEOS_DEPLOYMENT_TARGET = 14.2;
				MTL_ENABLE_DEBUG_INFO = INCLUDE_SOURCE;
				MTL_FAST_MATH = YES;
				ONLY_ACTIVE_ARCH = YES;
				SDKROOT = iphoneos;
				SWIFT_ACTIVE_COMPILATION_CONDITIONS = DEBUG;
				SWIFT_OPTIMIZATION_LEVEL = "-Onone";
			};
			name = Debug;
		};
		7221152C268250ED003D784F /* Release */ = {
			isa = XCBuildConfiguration;
			buildSettings = {
				ALWAYS_SEARCH_USER_PATHS = NO;
				CLANG_ANALYZER_NONNULL = YES;
				CLANG_ANALYZER_NUMBER_OBJECT_CONVERSION = YES_AGGRESSIVE;
				CLANG_CXX_LANGUAGE_STANDARD = "gnu++14";
				CLANG_CXX_LIBRARY = "libc++";
				CLANG_ENABLE_MODULES = YES;
				CLANG_ENABLE_OBJC_ARC = YES;
				CLANG_ENABLE_OBJC_WEAK = YES;
				CLANG_WARN_BLOCK_CAPTURE_AUTORELEASING = YES;
				CLANG_WARN_BOOL_CONVERSION = YES;
				CLANG_WARN_COMMA = YES;
				CLANG_WARN_CONSTANT_CONVERSION = YES;
				CLANG_WARN_DEPRECATED_OBJC_IMPLEMENTATIONS = YES;
				CLANG_WARN_DIRECT_OBJC_ISA_USAGE = YES_ERROR;
				CLANG_WARN_DOCUMENTATION_COMMENTS = YES;
				CLANG_WARN_EMPTY_BODY = YES;
				CLANG_WARN_ENUM_CONVERSION = YES;
				CLANG_WARN_INFINITE_RECURSION = YES;
				CLANG_WARN_INT_CONVERSION = YES;
				CLANG_WARN_NON_LITERAL_NULL_CONVERSION = YES;
				CLANG_WARN_OBJC_IMPLICIT_RETAIN_SELF = YES;
				CLANG_WARN_OBJC_LITERAL_CONVERSION = YES;
				CLANG_WARN_OBJC_ROOT_CLASS = YES_ERROR;
				CLANG_WARN_QUOTED_INCLUDE_IN_FRAMEWORK_HEADER = YES;
				CLANG_WARN_RANGE_LOOP_ANALYSIS = YES;
				CLANG_WARN_STRICT_PROTOTYPES = YES;
				CLANG_WARN_SUSPICIOUS_MOVE = YES;
				CLANG_WARN_UNGUARDED_AVAILABILITY = YES_AGGRESSIVE;
				CLANG_WARN_UNREACHABLE_CODE = YES;
				CLANG_WARN__DUPLICATE_METHOD_MATCH = YES;
				COPY_PHASE_STRIP = NO;
				DEBUG_INFORMATION_FORMAT = "dwarf-with-dsym";
				ENABLE_NS_ASSERTIONS = NO;
				ENABLE_STRICT_OBJC_MSGSEND = YES;
				GCC_C_LANGUAGE_STANDARD = gnu11;
				GCC_NO_COMMON_BLOCKS = YES;
				GCC_WARN_64_TO_32_BIT_CONVERSION = YES;
				GCC_WARN_ABOUT_RETURN_TYPE = YES_ERROR;
				GCC_WARN_UNDECLARED_SELECTOR = YES;
				GCC_WARN_UNINITIALIZED_AUTOS = YES_AGGRESSIVE;
				GCC_WARN_UNUSED_FUNCTION = YES;
				GCC_WARN_UNUSED_VARIABLE = YES;
				IPHONEOS_DEPLOYMENT_TARGET = 14.2;
				MTL_ENABLE_DEBUG_INFO = NO;
				MTL_FAST_MATH = YES;
				SDKROOT = iphoneos;
				SWIFT_COMPILATION_MODE = wholemodule;
				SWIFT_OPTIMIZATION_LEVEL = "-O";
				VALIDATE_PRODUCT = YES;
			};
			name = Release;
		};
		7221152E268250ED003D784F /* Debug */ = {
			isa = XCBuildConfiguration;
			buildSettings = {
				ASSETCATALOG_COMPILER_APPICON_NAME = AppIcon;
				ASSETCATALOG_COMPILER_GLOBAL_ACCENT_COLOR_NAME = AccentColor;
				CODE_SIGN_STYLE = Automatic;
				INFOPLIST_FILE = SlideshowApp/Info.plist;
				LD_RUNPATH_SEARCH_PATHS = (
					"$(inherited)",
					"@executable_path/Frameworks",
				);
				PRODUCT_BUNDLE_IDENTIFIER = jp.techacademy.renon.k.SlideshowApp;
				PRODUCT_NAME = "$(TARGET_NAME)";
				SWIFT_VERSION = 5.0;
				TARGETED_DEVICE_FAMILY = "1,2";
			};
			name = Debug;
		};
		7221152F268250ED003D784F /* Release */ = {
			isa = XCBuildConfiguration;
			buildSettings = {
				ASSETCATALOG_COMPILER_APPICON_NAME = AppIcon;
				ASSETCATALOG_COMPILER_GLOBAL_ACCENT_COLOR_NAME = AccentColor;
				CODE_SIGN_STYLE = Automatic;
				INFOPLIST_FILE = SlideshowApp/Info.plist;
				LD_RUNPATH_SEARCH_PATHS = (
					"$(inherited)",
					"@executable_path/Frameworks",
				);
				PRODUCT_BUNDLE_IDENTIFIER = jp.techacademy.renon.k.SlideshowApp;
				PRODUCT_NAME = "$(TARGET_NAME)";
				SWIFT_VERSION = 5.0;
				TARGETED_DEVICE_FAMILY = "1,2";
			};
			name = Release;
		};
/* End XCBuildConfiguration section */

/* Begin XCConfigurationList section */
		72211514268250EC003D784F /* Build configuration list for PBXProject "SlideshowApp" */ = {
			isa = XCConfigurationList;
			buildConfigurations = (
				7221152B268250ED003D784F /* Debug */,
				7221152C268250ED003D784F /* Release */,
			);
			defaultConfigurationIsVisible = 0;
			defaultConfigurationName = Release;
		};
		7221152D268250ED003D784F /* Build configuration list for PBXNativeTarget "SlideshowApp" */ = {
			isa = XCConfigurationList;
			buildConfigurations = (
				7221152E268250ED003D784F /* Debug */,
				7221152F268250ED003D784F /* Release */,
			);
			defaultConfigurationIsVisible = 0;
			defaultConfigurationName = Release;
		};
/* End XCConfigurationList section */
	};
	rootObject = 72211511268250EC003D784F /* Project object */;
}
